{
	"name": "js-pustak",
	"version": "1.1.5",
	"lockfileVersion": 1,
	"requires": true,
	"dependencies": {
		"@types/node": {
			"version": "17.0.8",
			"resolved": "https://registry.npmjs.org/@types/node/-/node-17.0.8.tgz",
			"integrity": "sha512-YofkM6fGv4gDJq78g4j0mMuGMkZVxZDgtU0JRdx6FgiJDG+0fY0GKVolOV8WqVmEhLCXkQRjwDdKyPxJp/uucg==",
			"dev": true
		},
		"commander": {
			"version": "8.3.0",
			"resolved": "https://registry.npmjs.org/commander/-/commander-8.3.0.tgz",
			"integrity": "sha512-OkTL9umf+He2DZkUq8f8J9of7yL6RJKI24dVITBmNfZBmri9zYZQrKkuXiKhyfPSu8tUhnVBB1iKXevvnlR4Ww=="
		},
		"esbuild": {
			"version": "0.8.2",
			"resolved": "https://registry.npmjs.org/esbuild/-/esbuild-0.8.2.tgz",
			"integrity": "sha512-kR3+OtVSx8cRDmz4PcfQU4FsXnfhiBfJzAV3nX4oK84pH5y7HaGKiTKBl4e7lKzFSiHo05Lzpo2r2B89u5Vspg==",
			"dev": true
		},
		"typescript": {
			"version": "4.5.4",
			"resolved": "https://registry.npmjs.org/typescript/-/typescript-4.5.4.tgz",
			"integrity": "sha512-VgYs2A2QIRuGphtzFV7aQJduJ2gyfTljngLzjpfW9FoYZF6xuw1W0vW9ghCKLfcWrCFxK81CSGRAvS1pn4fIUg==",
			"dev": true
		}
	}
}
